
Microsoft Visual Studio Solution File, Format Version 12.00
Project("{FAE04EC0-301F-11D3-BF4B-00C04F79EFBC}") = "D1_SonarSweep", "D1_SonarSweep\D1_SonarSweep.csproj", "{893E1555-1244-4592-BC27-BD13260A746F}"
EndProject
Project("{FAE04EC0-301F-11D3-BF4B-00C04F79EFBC}") = "D2_Dive", "D2_Dive\D2_Dive.csproj", "{2C9C611B-C141-4AB4-B1AB-E24047BB4B85}"
EndProject
Project("{FAE04EC0-301F-11D3-BF4B-00C04F79EFBC}") = "D2_Dive.Tests", "D2_Dive.Tests\D2_Dive.Tests.csproj", "{236BC9B1-0773-4A85-BD8D-79638C73C90C}"
EndProject
Project("{FAE04EC0-301F-11D3-BF4B-00C04F79EFBC}") = "D3_BinaryDiagnostic", "D3_BinaryDiagnostic\D3_BinaryDiagnostic.csproj", "{753BE92B-9A10-48B9-99D5-5139AD76778F}"
EndProject
Project("{FAE04EC0-301F-11D3-BF4B-00C04F79EFBC}") = "D3_BinaryDiagnostic.Tests", "D3_BinaryDiagnostic.Tests\D3_BinaryDiagnostic.Tests.csproj", "{B8E74EE8-E401-46D5-972A-731019BB9895}"
EndProject
Project("{FAE04EC0-301F-11D3-BF4B-00C04F79EFBC}") = "D4_GiantSquid", "D4_GiantSquid\D4_GiantSquid.csproj", "{C8E73FD4-D73B-4EE6-99EF-9C2B6B02A300}"
EndProject
Project("{FAE04EC0-301F-11D3-BF4B-00C04F79EFBC}") = "D4_GiantSquid.Tests", "D4_GiantSquid.Tests\D4_GiantSquid.Tests.csproj", "{2AD455BB-1527-4140-B678-47C03656024E}"
EndProject
Project("{FAE04EC0-301F-11D3-BF4B-00C04F79EFBC}") = "D5_HydrothermalVenture", "D5_HydrothermalVenture\D5_HydrothermalVenture.csproj", "{ECE6C95C-BB89-4841-83E2-3BC6C77E1D3A}"
EndProject
Project("{FAE04EC0-301F-11D3-BF4B-00C04F79EFBC}") = "D6_Lanternfish", "D6_Lanternfish\D6_Lanternfish.csproj", "{25FC08CD-CE3F-4711-B000-BA938BD39FE8}"
EndProject
Project("{FAE04EC0-301F-11D3-BF4B-00C04F79EFBC}") = "D6_Lanternfish.Tests", "D6_Lanternfish.Tests\D6_Lanternfish.Tests.csproj", "{5F0B9288-8B70-4934-969D-14FAF2EC9CCD}"
EndProject
Project("{FAE04EC0-301F-11D3-BF4B-00C04F79EFBC}") = "D7_TreacheryOfWhales", "D7_TreacheryOfWhales\D7_TreacheryOfWhales.csproj", "{8C73EAA7-C9B5-49FD-84E6-4995FE93E2CC}"
EndProject
Project("{FAE04EC0-301F-11D3-BF4B-00C04F79EFBC}") = "D8_SevenSegmentSearch", "D8_SevenSegmentSearch\D8_SevenSegmentSearch.csproj", "{669EEDFC-8FE5-4069-8BA2-2DE8200E5E4E}"
EndProject
Project("{FAE04EC0-301F-11D3-BF4B-00C04F79EFBC}") = "D8_SevenSegmentSearch.Tests", "D8_SevenSegmentSearch.Tests\D8_SevenSegmentSearch.Tests.csproj", "{973A2840-7ED1-49A1-BD2F-55A4FDD77F88}"
EndProject
Project("{FAE04EC0-301F-11D3-BF4B-00C04F79EFBC}") = "D9_SmokeBasin", "D9_SmokeBasin\D9_SmokeBasin.csproj", "{0FB3A3F5-00FD-4D05-BCFD-4EB86D435DAD}"
EndProject
Project("{FAE04EC0-301F-11D3-BF4B-00C04F79EFBC}") = "D9_SmokeBasin.Tests", "D9_SmokeBasin.Tests\D9_SmokeBasin.Tests.csproj", "{8410F578-074E-42BA-BBE1-2D8DA0EBEC5D}"
EndProject
Project("{FAE04EC0-301F-11D3-BF4B-00C04F79EFBC}") = "D10_SyntaxScoring", "D10_SyntaxScoring\D10_SyntaxScoring.csproj", "{F3E6B1CA-3EC4-4A6C-9555-80A9033F1D9D}"
EndProject
Project("{FAE04EC0-301F-11D3-BF4B-00C04F79EFBC}") = "D10_SyntaxScoring.Tests", "D10_SyntaxScoring.Tests\D10_SyntaxScoring.Tests.csproj", "{7C2893F3-96E2-4523-9CE6-0E083152C481}"
EndProject
Global
	GlobalSection(SolutionConfigurationPlatforms) = preSolution
		Debug|Any CPU = Debug|Any CPU
		Release|Any CPU = Release|Any CPU
	EndGlobalSection
	GlobalSection(ProjectConfigurationPlatforms) = postSolution
		{893E1555-1244-4592-BC27-BD13260A746F}.Debug|Any CPU.ActiveCfg = Debug|Any CPU
		{893E1555-1244-4592-BC27-BD13260A746F}.Debug|Any CPU.Build.0 = Debug|Any CPU
		{893E1555-1244-4592-BC27-BD13260A746F}.Release|Any CPU.ActiveCfg = Release|Any CPU
		{893E1555-1244-4592-BC27-BD13260A746F}.Release|Any CPU.Build.0 = Release|Any CPU
		{2C9C611B-C141-4AB4-B1AB-E24047BB4B85}.Debug|Any CPU.ActiveCfg = Debug|Any CPU
		{2C9C611B-C141-4AB4-B1AB-E24047BB4B85}.Debug|Any CPU.Build.0 = Debug|Any CPU
		{2C9C611B-C141-4AB4-B1AB-E24047BB4B85}.Release|Any CPU.ActiveCfg = Release|Any CPU
		{2C9C611B-C141-4AB4-B1AB-E24047BB4B85}.Release|Any CPU.Build.0 = Release|Any CPU
		{236BC9B1-0773-4A85-BD8D-79638C73C90C}.Debug|Any CPU.ActiveCfg = Debug|Any CPU
		{236BC9B1-0773-4A85-BD8D-79638C73C90C}.Debug|Any CPU.Build.0 = Debug|Any CPU
		{236BC9B1-0773-4A85-BD8D-79638C73C90C}.Release|Any CPU.ActiveCfg = Release|Any CPU
		{236BC9B1-0773-4A85-BD8D-79638C73C90C}.Release|Any CPU.Build.0 = Release|Any CPU
		{753BE92B-9A10-48B9-99D5-5139AD76778F}.Debug|Any CPU.ActiveCfg = Debug|Any CPU
		{753BE92B-9A10-48B9-99D5-5139AD76778F}.Debug|Any CPU.Build.0 = Debug|Any CPU
		{753BE92B-9A10-48B9-99D5-5139AD76778F}.Release|Any CPU.ActiveCfg = Release|Any CPU
		{753BE92B-9A10-48B9-99D5-5139AD76778F}.Release|Any CPU.Build.0 = Release|Any CPU
		{B8E74EE8-E401-46D5-972A-731019BB9895}.Debug|Any CPU.ActiveCfg = Debug|Any CPU
		{B8E74EE8-E401-46D5-972A-731019BB9895}.Debug|Any CPU.Build.0 = Debug|Any CPU
		{B8E74EE8-E401-46D5-972A-731019BB9895}.Release|Any CPU.ActiveCfg = Release|Any CPU
		{B8E74EE8-E401-46D5-972A-731019BB9895}.Release|Any CPU.Build.0 = Release|Any CPU
		{C8E73FD4-D73B-4EE6-99EF-9C2B6B02A300}.Debug|Any CPU.ActiveCfg = Debug|Any CPU
		{C8E73FD4-D73B-4EE6-99EF-9C2B6B02A300}.Debug|Any CPU.Build.0 = Debug|Any CPU
		{C8E73FD4-D73B-4EE6-99EF-9C2B6B02A300}.Release|Any CPU.ActiveCfg = Release|Any CPU
		{C8E73FD4-D73B-4EE6-99EF-9C2B6B02A300}.Release|Any CPU.Build.0 = Release|Any CPU
		{2AD455BB-1527-4140-B678-47C03656024E}.Debug|Any CPU.ActiveCfg = Debug|Any CPU
		{2AD455BB-1527-4140-B678-47C03656024E}.Debug|Any CPU.Build.0 = Debug|Any CPU
		{2AD455BB-1527-4140-B678-47C03656024E}.Release|Any CPU.ActiveCfg = Release|Any CPU
		{2AD455BB-1527-4140-B678-47C03656024E}.Release|Any CPU.Build.0 = Release|Any CPU
		{ECE6C95C-BB89-4841-83E2-3BC6C77E1D3A}.Debug|Any CPU.ActiveCfg = Debug|Any CPU
		{ECE6C95C-BB89-4841-83E2-3BC6C77E1D3A}.Debug|Any CPU.Build.0 = Debug|Any CPU
		{ECE6C95C-BB89-4841-83E2-3BC6C77E1D3A}.Release|Any CPU.ActiveCfg = Release|Any CPU
		{ECE6C95C-BB89-4841-83E2-3BC6C77E1D3A}.Release|Any CPU.Build.0 = Release|Any CPU
		{25FC08CD-CE3F-4711-B000-BA938BD39FE8}.Debug|Any CPU.ActiveCfg = Debug|Any CPU
		{25FC08CD-CE3F-4711-B000-BA938BD39FE8}.Debug|Any CPU.Build.0 = Debug|Any CPU
		{25FC08CD-CE3F-4711-B000-BA938BD39FE8}.Release|Any CPU.ActiveCfg = Release|Any CPU
		{25FC08CD-CE3F-4711-B000-BA938BD39FE8}.Release|Any CPU.Build.0 = Release|Any CPU
		{5F0B9288-8B70-4934-969D-14FAF2EC9CCD}.Debug|Any CPU.ActiveCfg = Debug|Any CPU
		{5F0B9288-8B70-4934-969D-14FAF2EC9CCD}.Debug|Any CPU.Build.0 = Debug|Any CPU
		{5F0B9288-8B70-4934-969D-14FAF2EC9CCD}.Release|Any CPU.ActiveCfg = Release|Any CPU
		{5F0B9288-8B70-4934-969D-14FAF2EC9CCD}.Release|Any CPU.Build.0 = Release|Any CPU
		{8C73EAA7-C9B5-49FD-84E6-4995FE93E2CC}.Debug|Any CPU.ActiveCfg = Debug|Any CPU
		{8C73EAA7-C9B5-49FD-84E6-4995FE93E2CC}.Debug|Any CPU.Build.0 = Debug|Any CPU
		{8C73EAA7-C9B5-49FD-84E6-4995FE93E2CC}.Release|Any CPU.ActiveCfg = Release|Any CPU
		{8C73EAA7-C9B5-49FD-84E6-4995FE93E2CC}.Release|Any CPU.Build.0 = Release|Any CPU
		{669EEDFC-8FE5-4069-8BA2-2DE8200E5E4E}.Debug|Any CPU.ActiveCfg = Debug|Any CPU
		{669EEDFC-8FE5-4069-8BA2-2DE8200E5E4E}.Debug|Any CPU.Build.0 = Debug|Any CPU
		{669EEDFC-8FE5-4069-8BA2-2DE8200E5E4E}.Release|Any CPU.ActiveCfg = Release|Any CPU
		{669EEDFC-8FE5-4069-8BA2-2DE8200E5E4E}.Release|Any CPU.Build.0 = Release|Any CPU
		{973A2840-7ED1-49A1-BD2F-55A4FDD77F88}.Debug|Any CPU.ActiveCfg = Debug|Any CPU
		{973A2840-7ED1-49A1-BD2F-55A4FDD77F88}.Debug|Any CPU.Build.0 = Debug|Any CPU
		{973A2840-7ED1-49A1-BD2F-55A4FDD77F88}.Release|Any CPU.ActiveCfg = Release|Any CPU
		{973A2840-7ED1-49A1-BD2F-55A4FDD77F88}.Release|Any CPU.Build.0 = Release|Any CPU
		{0FB3A3F5-00FD-4D05-BCFD-4EB86D435DAD}.Debug|Any CPU.ActiveCfg = Debug|Any CPU
		{0FB3A3F5-00FD-4D05-BCFD-4EB86D435DAD}.Debug|Any CPU.Build.0 = Debug|Any CPU
		{0FB3A3F5-00FD-4D05-BCFD-4EB86D435DAD}.Release|Any CPU.ActiveCfg = Release|Any CPU
		{0FB3A3F5-00FD-4D05-BCFD-4EB86D435DAD}.Release|Any CPU.Build.0 = Release|Any CPU
		{8410F578-074E-42BA-BBE1-2D8DA0EBEC5D}.Debug|Any CPU.ActiveCfg = Debug|Any CPU
		{8410F578-074E-42BA-BBE1-2D8DA0EBEC5D}.Debug|Any CPU.Build.0 = Debug|Any CPU
		{8410F578-074E-42BA-BBE1-2D8DA0EBEC5D}.Release|Any CPU.ActiveCfg = Release|Any CPU
		{8410F578-074E-42BA-BBE1-2D8DA0EBEC5D}.Release|Any CPU.Build.0 = Release|Any CPU
		{F3E6B1CA-3EC4-4A6C-9555-80A9033F1D9D}.Debug|Any CPU.ActiveCfg = Debug|Any CPU
		{F3E6B1CA-3EC4-4A6C-9555-80A9033F1D9D}.Debug|Any CPU.Build.0 = Debug|Any CPU
		{F3E6B1CA-3EC4-4A6C-9555-80A9033F1D9D}.Release|Any CPU.ActiveCfg = Release|Any CPU
		{F3E6B1CA-3EC4-4A6C-9555-80A9033F1D9D}.Release|Any CPU.Build.0 = Release|Any CPU
		{7C2893F3-96E2-4523-9CE6-0E083152C481}.Debug|Any CPU.ActiveCfg = Debug|Any CPU
		{7C2893F3-96E2-4523-9CE6-0E083152C481}.Debug|Any CPU.Build.0 = Debug|Any CPU
		{7C2893F3-96E2-4523-9CE6-0E083152C481}.Release|Any CPU.ActiveCfg = Release|Any CPU
		{7C2893F3-96E2-4523-9CE6-0E083152C481}.Release|Any CPU.Build.0 = Release|Any CPU
	EndGlobalSection
EndGlobal
