
Microsoft Visual Studio Solution File, Format Version 12.00
Project("{FAE04EC0-301F-11D3-BF4B-00C04F79EFBC}") = "D1_SonarSweep", "D1_SonarSweep\D1_SonarSweep.csproj", "{893E1555-1244-4592-BC27-BD13260A746F}"
EndProject
Project("{FAE04EC0-301F-11D3-BF4B-00C04F79EFBC}") = "D2_Dive", "D2_Dive\D2_Dive.csproj", "{2C9C611B-C141-4AB4-B1AB-E24047BB4B85}"
EndProject
Project("{FAE04EC0-301F-11D3-BF4B-00C04F79EFBC}") = "D2_Dive.Tests", "D2_Dive.Tests\D2_Dive.Tests.csproj", "{236BC9B1-0773-4A85-BD8D-79638C73C90C}"
EndProject
Project("{FAE04EC0-301F-11D3-BF4B-00C04F79EFBC}") = "D3_BinaryDiagnostic", "D3_BinaryDiagnostic\D3_BinaryDiagnostic.csproj", "{753BE92B-9A10-48B9-99D5-5139AD76778F}"
EndProject
Project("{FAE04EC0-301F-11D3-BF4B-00C04F79EFBC}") = "D3_BinaryDiagnostic.Tests", "D3_BinaryDiagnostic.Tests\D3_BinaryDiagnostic.Tests.csproj", "{B8E74EE8-E401-46D5-972A-731019BB9895}"
EndProject
Project("{FAE04EC0-301F-11D3-BF4B-00C04F79EFBC}") = "D4_GiantSquid", "D4_GiantSquid\D4_GiantSquid.csproj", "{C8E73FD4-D73B-4EE6-99EF-9C2B6B02A300}"
EndProject
Project("{FAE04EC0-301F-11D3-BF4B-00C04F79EFBC}") = "D4_GiantSquid.Tests", "D4_GiantSquid.Tests\D4_GiantSquid.Tests.csproj", "{2AD455BB-1527-4140-B678-47C03656024E}"
EndProject
Global
	GlobalSection(SolutionConfigurationPlatforms) = preSolution
		Debug|Any CPU = Debug|Any CPU
		Release|Any CPU = Release|Any CPU
	EndGlobalSection
	GlobalSection(ProjectConfigurationPlatforms) = postSolution
		{893E1555-1244-4592-BC27-BD13260A746F}.Debug|Any CPU.ActiveCfg = Debug|Any CPU
		{893E1555-1244-4592-BC27-BD13260A746F}.Debug|Any CPU.Build.0 = Debug|Any CPU
		{893E1555-1244-4592-BC27-BD13260A746F}.Release|Any CPU.ActiveCfg = Release|Any CPU
		{893E1555-1244-4592-BC27-BD13260A746F}.Release|Any CPU.Build.0 = Release|Any CPU
		{2C9C611B-C141-4AB4-B1AB-E24047BB4B85}.Debug|Any CPU.ActiveCfg = Debug|Any CPU
		{2C9C611B-C141-4AB4-B1AB-E24047BB4B85}.Debug|Any CPU.Build.0 = Debug|Any CPU
		{2C9C611B-C141-4AB4-B1AB-E24047BB4B85}.Release|Any CPU.ActiveCfg = Release|Any CPU
		{2C9C611B-C141-4AB4-B1AB-E24047BB4B85}.Release|Any CPU.Build.0 = Release|Any CPU
		{236BC9B1-0773-4A85-BD8D-79638C73C90C}.Debug|Any CPU.ActiveCfg = Debug|Any CPU
		{236BC9B1-0773-4A85-BD8D-79638C73C90C}.Debug|Any CPU.Build.0 = Debug|Any CPU
		{236BC9B1-0773-4A85-BD8D-79638C73C90C}.Release|Any CPU.ActiveCfg = Release|Any CPU
		{236BC9B1-0773-4A85-BD8D-79638C73C90C}.Release|Any CPU.Build.0 = Release|Any CPU
		{753BE92B-9A10-48B9-99D5-5139AD76778F}.Debug|Any CPU.ActiveCfg = Debug|Any CPU
		{753BE92B-9A10-48B9-99D5-5139AD76778F}.Debug|Any CPU.Build.0 = Debug|Any CPU
		{753BE92B-9A10-48B9-99D5-5139AD76778F}.Release|Any CPU.ActiveCfg = Release|Any CPU
		{753BE92B-9A10-48B9-99D5-5139AD76778F}.Release|Any CPU.Build.0 = Release|Any CPU
		{B8E74EE8-E401-46D5-972A-731019BB9895}.Debug|Any CPU.ActiveCfg = Debug|Any CPU
		{B8E74EE8-E401-46D5-972A-731019BB9895}.Debug|Any CPU.Build.0 = Debug|Any CPU
		{B8E74EE8-E401-46D5-972A-731019BB9895}.Release|Any CPU.ActiveCfg = Release|Any CPU
		{B8E74EE8-E401-46D5-972A-731019BB9895}.Release|Any CPU.Build.0 = Release|Any CPU
		{C8E73FD4-D73B-4EE6-99EF-9C2B6B02A300}.Debug|Any CPU.ActiveCfg = Debug|Any CPU
		{C8E73FD4-D73B-4EE6-99EF-9C2B6B02A300}.Debug|Any CPU.Build.0 = Debug|Any CPU
		{C8E73FD4-D73B-4EE6-99EF-9C2B6B02A300}.Release|Any CPU.ActiveCfg = Release|Any CPU
		{C8E73FD4-D73B-4EE6-99EF-9C2B6B02A300}.Release|Any CPU.Build.0 = Release|Any CPU
		{2AD455BB-1527-4140-B678-47C03656024E}.Debug|Any CPU.ActiveCfg = Debug|Any CPU
		{2AD455BB-1527-4140-B678-47C03656024E}.Debug|Any CPU.Build.0 = Debug|Any CPU
		{2AD455BB-1527-4140-B678-47C03656024E}.Release|Any CPU.ActiveCfg = Release|Any CPU
		{2AD455BB-1527-4140-B678-47C03656024E}.Release|Any CPU.Build.0 = Release|Any CPU
	EndGlobalSection
EndGlobal
